---
path: ".gem_rbs_collection"
gems:
- name: activesupport
  version: '7.0'
  source:
    type: git
    name: ruby/gem_rbs_collection
    revision: 71fb7ae83789ae150bdee1cd8a7cd3035b5d79e2
    remote: https://github.com/ruby/gem_rbs_collection.git
    repo_dir: gems
- name: ast
  version: '2.4'
  source:
    type: git
    name: ruby/gem_rbs_collection
    revision: 71fb7ae83789ae150bdee1cd8a7cd3035b5d79e2
    remote: https://github.com/ruby/gem_rbs_collection.git
    repo_dir: gems
- name: async
  version: '2.12'
  source:
    type: git
    name: ruby/gem_rbs_collection
    revision: 71fb7ae83789ae150bdee1cd8a7cd3035b5d79e2
    remote: https://github.com/ruby/gem_rbs_collection.git
    repo_dir: gems
- name: base64
  version: '0'
  source:
    type: stdlib
- name: benchmark
  version: '0'
  source:
    type: stdlib
- name: bigdecimal
  version: '0'
  source:
    type: stdlib
- name: concurrent-ruby
  version: '1.1'
  source:
    type: git
    name: ruby/gem_rbs_collection
    revision: 71fb7ae83789ae150bdee1cd8a7cd3035b5d79e2
    remote: https://github.com/ruby/gem_rbs_collection.git
    repo_dir: gems
- name: connection_pool
  version: '2.4'
  source:
    type: git
    name: ruby/gem_rbs_collection
    revision: 71fb7ae83789ae150bdee1cd8a7cd3035b5d79e2
    remote: https://github.com/ruby/gem_rbs_collection.git
    repo_dir: gems
- name: csv
  version: '0'
  source:
    type: stdlib
- name: date
  version: '0'
  source:
    type: stdlib
- name: diff-lcs
  version: '1.5'
  source:
    type: git
    name: ruby/gem_rbs_collection
    revision: 71fb7ae83789ae150bdee1cd8a7cd3035b5d79e2
    remote: https://github.com/ruby/gem_rbs_collection.git
    repo_dir: gems
- name: digest
  version: '0'
  source:
    type: stdlib
- name: erb
  version: '0'
  source:
    type: stdlib
- name: ffi
  version: 1.17.0
  source:
    type: rubygems
- name: fileutils
  version: '0'
  source:
    type: stdlib
- name: forwardable
  version: '0'
  source:
    type: stdlib
- name: i18n
  version: '1.10'
  source:
    type: git
    name: ruby/gem_rbs_collection
    revision: 71fb7ae83789ae150bdee1cd8a7cd3035b5d79e2
    remote: https://github.com/ruby/gem_rbs_collection.git
    repo_dir: gems
- name: json
  version: '0'
  source:
    type: stdlib
- name: listen
  version: '3.9'
  source:
    type: git
    name: ruby/gem_rbs_collection
    revision: 71fb7ae83789ae150bdee1cd8a7cd3035b5d79e2
    remote: https://github.com/ruby/gem_rbs_collection.git
    repo_dir: gems
- name: logger
  version: '0'
  source:
    type: stdlib
- name: minitest
  version: '0'
  source:
    type: stdlib
- name: monitor
  version: '0'
  source:
    type: stdlib
- name: mutex_m
  version: 0.3.0
  source:
    type: rubygems
- name: openssl
  version: '0'
  source:
    type: stdlib
- name: parser
  version: '3.2'
  source:
    type: git
    name: ruby/gem_rbs_collection
    revision: 71fb7ae83789ae150bdee1cd8a7cd3035b5d79e2
    remote: https://github.com/ruby/gem_rbs_collection.git
    repo_dir: gems
- name: rainbow
  version: '3.0'
  source:
    type: git
    name: ruby/gem_rbs_collection
    revision: 71fb7ae83789ae150bdee1cd8a7cd3035b5d79e2
    remote: https://github.com/ruby/gem_rbs_collection.git
    repo_dir: gems
- name: rake
  version: '13.0'
  source:
    type: git
    name: ruby/gem_rbs_collection
    revision: 71fb7ae83789ae150bdee1cd8a7cd3035b5d79e2
    remote: https://github.com/ruby/gem_rbs_collection.git
    repo_dir: gems
- name: securerandom
  version: '0'
  source:
    type: stdlib
- name: servactory
  version: 2.9.1
  source:
    type: rubygems
- name: singleton
  version: '0'
  source:
    type: stdlib
- name: socket
  version: '0'
  source:
    type: stdlib
- name: stringio
  version: '0'
  source:
    type: stdlib
- name: strscan
  version: '0'
  source:
    type: stdlib
- name: thor
  version: '1.2'
  source:
    type: git
    name: ruby/gem_rbs_collection
    revision: 71fb7ae83789ae150bdee1cd8a7cd3035b5d79e2
    remote: https://github.com/ruby/gem_rbs_collection.git
    repo_dir: gems
- name: time
  version: '0'
  source:
    type: stdlib
- name: timeout
  version: '0'
  source:
    type: stdlib
- name: tzinfo
  version: '2.0'
  source:
    type: git
    name: ruby/gem_rbs_collection
    revision: 71fb7ae83789ae150bdee1cd8a7cd3035b5d79e2
    remote: https://github.com/ruby/gem_rbs_collection.git
    repo_dir: gems
- name: uri
  version: '0'
  source:
    type: stdlib
gemfile_lock_path: Gemfile.lock
