---
sources:
- type: git
  name: ruby/gem_rbs_collection
  revision: 163126f59d1bb765a6234fc60d3edf21cdfce255
  remote: https://github.com/ruby/gem_rbs_collection.git
  repo_dir: gems
path: ".gem_rbs_collection"
gems:
- name: activesupport
  version: '7.0'
  source:
    type: git
    name: ruby/gem_rbs_collection
    revision: 163126f59d1bb765a6234fc60d3edf21cdfce255
    remote: https://github.com/ruby/gem_rbs_collection.git
    repo_dir: gems
- name: ast
  version: '2.4'
  source:
    type: git
    name: ruby/gem_rbs_collection
    revision: 163126f59d1bb765a6234fc60d3edf21cdfce255
    remote: https://github.com/ruby/gem_rbs_collection.git
    repo_dir: gems
- name: cgi
  version: '0'
  source:
    type: stdlib
- name: concurrent-ruby
  version: '1.1'
  source:
    type: git
    name: ruby/gem_rbs_collection
    revision: 163126f59d1bb765a6234fc60d3edf21cdfce255
    remote: https://github.com/ruby/gem_rbs_collection.git
    repo_dir: gems
- name: date
  version: '0'
  source:
    type: stdlib
- name: i18n
  version: '1.10'
  source:
    type: git
    name: ruby/gem_rbs_collection
    revision: 163126f59d1bb765a6234fc60d3edf21cdfce255
    remote: https://github.com/ruby/gem_rbs_collection.git
    repo_dir: gems
- name: json
  version: '0'
  source:
    type: stdlib
- name: logger
  version: '0'
  source:
    type: stdlib
- name: minitest
  version: '0'
  source:
    type: stdlib
- name: monitor
  version: '0'
  source:
    type: stdlib
- name: mutex_m
  version: '0'
  source:
    type: stdlib
- name: optparse
  version: '0'
  source:
    type: stdlib
- name: parallel
  version: '1.20'
  source:
    type: git
    name: ruby/gem_rbs_collection
    revision: 163126f59d1bb765a6234fc60d3edf21cdfce255
    remote: https://github.com/ruby/gem_rbs_collection.git
    repo_dir: gems
- name: rainbow
  version: '3.0'
  source:
    type: git
    name: ruby/gem_rbs_collection
    revision: 163126f59d1bb765a6234fc60d3edf21cdfce255
    remote: https://github.com/ruby/gem_rbs_collection.git
    repo_dir: gems
- name: singleton
  version: '0'
  source:
    type: stdlib
- name: tempfile
  version: '0'
  source:
    type: stdlib
- name: time
  version: '0'
  source:
    type: stdlib
- name: uri
  version: '0'
  source:
    type: stdlib
- name: yard
  version: '0.9'
  source:
    type: git
    name: ruby/gem_rbs_collection
    revision: 163126f59d1bb765a6234fc60d3edf21cdfce255
    remote: https://github.com/ruby/gem_rbs_collection.git
    repo_dir: gems
gemfile_lock_path: Gemfile.lock
